
Microsoft Visual Studio Solution File, Format Version 12.00
# Visual Studio Version 16
VisualStudioVersion = 16.0.29123.88
MinimumVisualStudioVersion = 10.0.40219.1
Project("{FAE04EC0-301F-11D3-BF4B-00C04F79EFBC}") = "BTTH_Tuan2.Android", "BTTH_Tuan2\BTTH_Tuan2.Android\BTTH_Tuan2.Android.csproj", "{50DBEE39-E728-44BE-8D01-BBE63E7A0BF2}"
EndProject
Project("{FAE04EC0-301F-11D3-BF4B-00C04F79EFBC}") = "BTTH_Tuan2.iOS", "BTTH_Tuan2\BTTH_Tuan2.iOS\BTTH_Tuan2.iOS.csproj", "{4AEF889C-3839-458C-9ABF-D4719160422B}"
EndProject
Project("{FAE04EC0-301F-11D3-BF4B-00C04F79EFBC}") = "BTTH_Tuan2", "BTTH_Tuan2\BTTH_Tuan2\BTTH_Tuan2.csproj", "{501CA7CF-F87A-47CD-AD04-97DE878701F0}"
EndProject
Global
	GlobalSection(SolutionConfigurationPlatforms) = preSolution
		Debug|Any CPU = Debug|Any CPU
		Debug|iPhone = Debug|iPhone
		Debug|iPhoneSimulator = Debug|iPhoneSimulator
		Release|Any CPU = Release|Any CPU
		Release|iPhone = Release|iPhone
		Release|iPhoneSimulator = Release|iPhoneSimulator
	EndGlobalSection
	GlobalSection(ProjectConfigurationPlatforms) = postSolution
		{50DBEE39-E728-44BE-8D01-BBE63E7A0BF2}.Debug|Any CPU.ActiveCfg = Debug|Any CPU
		{50DBEE39-E728-44BE-8D01-BBE63E7A0BF2}.Debug|Any CPU.Build.0 = Debug|Any CPU
		{50DBEE39-E728-44BE-8D01-BBE63E7A0BF2}.Debug|Any CPU.Deploy.0 = Debug|Any CPU
		{50DBEE39-E728-44BE-8D01-BBE63E7A0BF2}.Debug|iPhone.ActiveCfg = Debug|Any CPU
		{50DBEE39-E728-44BE-8D01-BBE63E7A0BF2}.Debug|iPhone.Build.0 = Debug|Any CPU
		{50DBEE39-E728-44BE-8D01-BBE63E7A0BF2}.Debug|iPhone.Deploy.0 = Debug|Any CPU
		{50DBEE39-E728-44BE-8D01-BBE63E7A0BF2}.Debug|iPhoneSimulator.ActiveCfg = Debug|Any CPU
		{50DBEE39-E728-44BE-8D01-BBE63E7A0BF2}.Debug|iPhoneSimulator.Build.0 = Debug|Any CPU
		{50DBEE39-E728-44BE-8D01-BBE63E7A0BF2}.Debug|iPhoneSimulator.Deploy.0 = Debug|Any CPU
		{50DBEE39-E728-44BE-8D01-BBE63E7A0BF2}.Release|Any CPU.ActiveCfg = Release|Any CPU
		{50DBEE39-E728-44BE-8D01-BBE63E7A0BF2}.Release|Any CPU.Build.0 = Release|Any CPU
		{50DBEE39-E728-44BE-8D01-BBE63E7A0BF2}.Release|Any CPU.Deploy.0 = Release|Any CPU
		{50DBEE39-E728-44BE-8D01-BBE63E7A0BF2}.Release|iPhone.ActiveCfg = Release|Any CPU
		{50DBEE39-E728-44BE-8D01-BBE63E7A0BF2}.Release|iPhone.Build.0 = Release|Any CPU
		{50DBEE39-E728-44BE-8D01-BBE63E7A0BF2}.Release|iPhone.Deploy.0 = Release|Any CPU
		{50DBEE39-E728-44BE-8D01-BBE63E7A0BF2}.Release|iPhoneSimulator.ActiveCfg = Release|Any CPU
		{50DBEE39-E728-44BE-8D01-BBE63E7A0BF2}.Release|iPhoneSimulator.Build.0 = Release|Any CPU
		{50DBEE39-E728-44BE-8D01-BBE63E7A0BF2}.Release|iPhoneSimulator.Deploy.0 = Release|Any CPU
		{4AEF889C-3839-458C-9ABF-D4719160422B}.Debug|Any CPU.ActiveCfg = Debug|iPhoneSimulator
		{4AEF889C-3839-458C-9ABF-D4719160422B}.Debug|Any CPU.Build.0 = Debug|iPhoneSimulator
		{4AEF889C-3839-458C-9ABF-D4719160422B}.Debug|Any CPU.Deploy.0 = Debug|iPhoneSimulator
		{4AEF889C-3839-458C-9ABF-D4719160422B}.Debug|iPhone.ActiveCfg = Debug|iPhone
		{4AEF889C-3839-458C-9ABF-D4719160422B}.Debug|iPhone.Build.0 = Debug|iPhone
		{4AEF889C-3839-458C-9ABF-D4719160422B}.Debug|iPhone.Deploy.0 = Debug|iPhone
		{4AEF889C-3839-458C-9ABF-D4719160422B}.Debug|iPhoneSimulator.ActiveCfg = Debug|iPhoneSimulator
		{4AEF889C-3839-458C-9ABF-D4719160422B}.Debug|iPhoneSimulator.Build.0 = Debug|iPhoneSimulator
		{4AEF889C-3839-458C-9ABF-D4719160422B}.Debug|iPhoneSimulator.Deploy.0 = Debug|iPhoneSimulator
		{4AEF889C-3839-458C-9ABF-D4719160422B}.Release|Any CPU.ActiveCfg = Release|iPhone
		{4AEF889C-3839-458C-9ABF-D4719160422B}.Release|Any CPU.Build.0 = Release|iPhone
		{4AEF889C-3839-458C-9ABF-D4719160422B}.Release|Any CPU.Deploy.0 = Release|iPhone
		{4AEF889C-3839-458C-9ABF-D4719160422B}.Release|iPhone.ActiveCfg = Release|iPhone
		{4AEF889C-3839-458C-9ABF-D4719160422B}.Release|iPhone.Build.0 = Release|iPhone
		{4AEF889C-3839-458C-9ABF-D4719160422B}.Release|iPhone.Deploy.0 = Release|iPhone
		{4AEF889C-3839-458C-9ABF-D4719160422B}.Release|iPhoneSimulator.ActiveCfg = Release|iPhoneSimulator
		{4AEF889C-3839-458C-9ABF-D4719160422B}.Release|iPhoneSimulator.Build.0 = Release|iPhoneSimulator
		{4AEF889C-3839-458C-9ABF-D4719160422B}.Release|iPhoneSimulator.Deploy.0 = Release|iPhoneSimulator
		{501CA7CF-F87A-47CD-AD04-97DE878701F0}.Debug|Any CPU.ActiveCfg = Debug|Any CPU
		{501CA7CF-F87A-47CD-AD04-97DE878701F0}.Debug|Any CPU.Build.0 = Debug|Any CPU
		{501CA7CF-F87A-47CD-AD04-97DE878701F0}.Debug|Any CPU.Deploy.0 = Debug|Any CPU
		{501CA7CF-F87A-47CD-AD04-97DE878701F0}.Debug|iPhone.ActiveCfg = Debug|Any CPU
		{501CA7CF-F87A-47CD-AD04-97DE878701F0}.Debug|iPhone.Build.0 = Debug|Any CPU
		{501CA7CF-F87A-47CD-AD04-97DE878701F0}.Debug|iPhone.Deploy.0 = Debug|Any CPU
		{501CA7CF-F87A-47CD-AD04-97DE878701F0}.Debug|iPhoneSimulator.ActiveCfg = Debug|Any CPU
		{501CA7CF-F87A-47CD-AD04-97DE878701F0}.Debug|iPhoneSimulator.Build.0 = Debug|Any CPU
		{501CA7CF-F87A-47CD-AD04-97DE878701F0}.Debug|iPhoneSimulator.Deploy.0 = Debug|Any CPU
		{501CA7CF-F87A-47CD-AD04-97DE878701F0}.Release|Any CPU.ActiveCfg = Release|Any CPU
		{501CA7CF-F87A-47CD-AD04-97DE878701F0}.Release|Any CPU.Build.0 = Release|Any CPU
		{501CA7CF-F87A-47CD-AD04-97DE878701F0}.Release|Any CPU.Deploy.0 = Release|Any CPU
		{501CA7CF-F87A-47CD-AD04-97DE878701F0}.Release|iPhone.ActiveCfg = Release|Any CPU
		{501CA7CF-F87A-47CD-AD04-97DE878701F0}.Release|iPhone.Build.0 = Release|Any CPU
		{501CA7CF-F87A-47CD-AD04-97DE878701F0}.Release|iPhone.Deploy.0 = Release|Any CPU
		{501CA7CF-F87A-47CD-AD04-97DE878701F0}.Release|iPhoneSimulator.ActiveCfg = Release|Any CPU
		{501CA7CF-F87A-47CD-AD04-97DE878701F0}.Release|iPhoneSimulator.Build.0 = Release|Any CPU
		{501CA7CF-F87A-47CD-AD04-97DE878701F0}.Release|iPhoneSimulator.Deploy.0 = Release|Any CPU
	EndGlobalSection
	GlobalSection(SolutionProperties) = preSolution
		HideSolutionNode = FALSE
	EndGlobalSection
	GlobalSection(ExtensibilityGlobals) = postSolution
		SolutionGuid = {89EA3528-FDA8-4F2C-87A5-635035B30BE5}
	EndGlobalSection
EndGlobal
